
Microsoft Visual Studio Solution File, Format Version 12.00
# Visual Studio Version 16
VisualStudioVersion = 16.0.30011.22
MinimumVisualStudioVersion = 10.0.40219.1
Project("{9A19103F-16F7-4668-BE54-9A1E7A4F7556}") = "mtls_test", "mtls_test.csproj", "{C58E4391-5259-4F4D-956A-E162A073D64C}"
EndProject
Global
	GlobalSection(SolutionConfigurationPlatforms) = preSolution
		Debug|Any CPU = Debug|Any CPU
		Release|Any CPU = Release|Any CPU
	EndGlobalSection
	GlobalSection(ProjectConfigurationPlatforms) = postSolution
		{C58E4391-5259-4F4D-956A-E162A073D64C}.Debug|Any CPU.ActiveCfg = Debug|Any CPU
		{C58E4391-5259-4F4D-956A-E162A073D64C}.Debug|Any CPU.Build.0 = Debug|Any CPU
		{C58E4391-5259-4F4D-956A-E162A073D64C}.Release|Any CPU.ActiveCfg = Release|Any CPU
		{C58E4391-5259-4F4D-956A-E162A073D64C}.Release|Any CPU.Build.0 = Release|Any CPU
	EndGlobalSection
	GlobalSection(SolutionProperties) = preSolution
		HideSolutionNode = FALSE
	EndGlobalSection
	GlobalSection(ExtensibilityGlobals) = postSolution
		SolutionGuid = {C8A815FB-3459-4EE5-98B8-AD163AD6209A}
	EndGlobalSection
EndGlobal
